
Microsoft Visual Studio Solution File, Format Version 12.00
# Visual Studio Version 17
VisualStudioVersion = 17.6.33829.357
MinimumVisualStudioVersion = 10.0.40219.1
Project("{9A19103F-16F7-4668-BE54-9A1E7A4F7556}") = "Assignment31July", "Assignment31July\Assignment31July.csproj", "{ABCEF446-24AB-427B-9850-BC1E69C389FB}"
EndProject
Global
	GlobalSection(SolutionConfigurationPlatforms) = preSolution
		Debug|Any CPU = Debug|Any CPU
		Release|Any CPU = Release|Any CPU
	EndGlobalSection
	GlobalSection(ProjectConfigurationPlatforms) = postSolution
		{ABCEF446-24AB-427B-9850-BC1E69C389FB}.Debug|Any CPU.ActiveCfg = Debug|Any CPU
		{ABCEF446-24AB-427B-9850-BC1E69C389FB}.Debug|Any CPU.Build.0 = Debug|Any CPU
		{ABCEF446-24AB-427B-9850-BC1E69C389FB}.Release|Any CPU.ActiveCfg = Release|Any CPU
		{ABCEF446-24AB-427B-9850-BC1E69C389FB}.Release|Any CPU.Build.0 = Release|Any CPU
	EndGlobalSection
	GlobalSection(SolutionProperties) = preSolution
		HideSolutionNode = FALSE
	EndGlobalSection
	GlobalSection(ExtensibilityGlobals) = postSolution
		SolutionGuid = {2B811804-6BB4-4F6E-9B8B-1D9097BBDCDA}
	EndGlobalSection
EndGlobal
